
Microsoft Visual Studio Solution File, Format Version 12.00
# Visual Studio Version 17
VisualStudioVersion = 17.2.32630.192
MinimumVisualStudioVersion = 10.0.40219.1
Project("{FAE04EC0-301F-11D3-BF4B-00C04F79EFBC}") = "HexDataGridViewDemo", "HexDataGridViewDemo\HexDataGridViewDemo.csproj", "{1C9DAD2A-2949-449F-A593-2E41E11D8FDD}"
EndProject
Global
	GlobalSection(SolutionConfigurationPlatforms) = preSolution
		Debug|Any CPU = Debug|Any CPU
		Release|Any CPU = Release|Any CPU
	EndGlobalSection
	GlobalSection(ProjectConfigurationPlatforms) = postSolution
		{1C9DAD2A-2949-449F-A593-2E41E11D8FDD}.Debug|Any CPU.ActiveCfg = Debug|Any CPU
		{1C9DAD2A-2949-449F-A593-2E41E11D8FDD}.Debug|Any CPU.Build.0 = Debug|Any CPU
		{1C9DAD2A-2949-449F-A593-2E41E11D8FDD}.Release|Any CPU.ActiveCfg = Release|Any CPU
		{1C9DAD2A-2949-449F-A593-2E41E11D8FDD}.Release|Any CPU.Build.0 = Release|Any CPU
	EndGlobalSection
	GlobalSection(SolutionProperties) = preSolution
		HideSolutionNode = FALSE
	EndGlobalSection
	GlobalSection(ExtensibilityGlobals) = postSolution
		SolutionGuid = {B89B3494-ED7E-456E-9D0C-4603C5FC2A16}
	EndGlobalSection
EndGlobal
